{
  "object": {
    "pins": [
      {
        "package": "StreamDeck",
        "repositoryURL": "https://github.com/emorydunn/StreamDeckPlugin.git",
        "state": {
          "branch": "main",
          "revision": "f370d67854cfe8423d08df88d3e8b0964a41bcd4",
          "version": null
        }
      },
      {
        "package": "swift-argument-parser",
        "repositoryURL": "https://github.com/apple/swift-argument-parser.git",
        "state": {
          "branch": null,
          "revision": "6b2aa2748a7881eebb9f84fb10c01293e15b52ca",
          "version": "0.5.0"
        }
      }
    ]
  },
  "version": 1
}
