{
  "object": {
    "pins": [
      {
        "package": "swift-argument-parser",
        "repositoryURL": "https://github.com/apple/swift-argument-parser.git",
        "state": {
          "branch": null,
          "revision": "6b2aa2748a7881eebb9f84fb10c01293e15b52ca",
          "version": "0.5.0"
        }
      },
      {
        "package": "swift-syntax",
        "repositoryURL": "https://github.com/apple/swift-syntax.git",
        "state": {
          "branch": null,
          "revision": "e42bece52df2496d60b1b2a762fee9ffde7fc205",
          "version": "509.0.0-swift-DEVELOPMENT-SNAPSHOT-2023-08-07-a"
        }
      }
    ]
  },
  "version": 1
}
